
Microsoft Visual Studio Solution File, Format Version 12.00
# Visual Studio Version 16
VisualStudioVersion = 16.0.30621.155
MinimumVisualStudioVersion = 10.0.40219.1
Project("{FAE04EC0-301F-11D3-BF4B-00C04F79EFBC}") = "Solucion 3", "Solucion 3\Solucion 3.csproj", "{9BA1241F-AA02-4967-B490-F3CA9FF7A161}"
EndProject
Global
	GlobalSection(SolutionConfigurationPlatforms) = preSolution
		Debug|Any CPU = Debug|Any CPU
		Release|Any CPU = Release|Any CPU
	EndGlobalSection
	GlobalSection(ProjectConfigurationPlatforms) = postSolution
		{9BA1241F-AA02-4967-B490-F3CA9FF7A161}.Debug|Any CPU.ActiveCfg = Debug|Any CPU
		{9BA1241F-AA02-4967-B490-F3CA9FF7A161}.Debug|Any CPU.Build.0 = Debug|Any CPU
		{9BA1241F-AA02-4967-B490-F3CA9FF7A161}.Release|Any CPU.ActiveCfg = Release|Any CPU
		{9BA1241F-AA02-4967-B490-F3CA9FF7A161}.Release|Any CPU.Build.0 = Release|Any CPU
	EndGlobalSection
	GlobalSection(SolutionProperties) = preSolution
		HideSolutionNode = FALSE
	EndGlobalSection
	GlobalSection(ExtensibilityGlobals) = postSolution
		SolutionGuid = {B1ED3822-2D50-46E3-8D04-F396C52DDA65}
	EndGlobalSection
EndGlobal
